
Microsoft Visual Studio Solution File, Format Version 11.00
# Visual Studio 2010
Project("{8BC9CEB8-8B4A-11D0-8D11-00A0C91BC942}") = "mimikatz", "mimikatz\mimikatz.vcxproj", "{FB9B5E61-7C34-4280-A211-E979E1D6977F}"
EndProject
Project("{2150E333-8FDC-42A3-9474-1A3956D46DE8}") = "global files", "global files", "{1ADABD33-DEBE-4095-8EAE-9B6ED51DB68E}"
	ProjectSection(SolutionItems) = preProject
		kiwi_passwords.yar = kiwi_passwords.yar
		mimicom.idl = mimicom.idl
		README.md = README.md
	EndProjectSection
EndProject
Project("{2150E333-8FDC-42A3-9474-1A3956D46DE8}") = "inc", "inc", "{282B4B77-BFF6-4DCA-9A60-6F4036929AEE}"
	ProjectSection(SolutionItems) = preProject
		inc\cardmod.h = inc\cardmod.h
		inc\DbgHelp.h = inc\DbgHelp.h
		inc\DhcpSSdk.h = inc\DhcpSSdk.h
		inc\DsGetDC.h = inc\DsGetDC.h
		inc\Fci.h = inc\Fci.h
		inc\fltUser.h = inc\fltUser.h
		inc\fltUserStructures.h = inc\fltUserStructures.h
		inc\globals.h = inc\globals.h
		inc\Midles.h = inc\Midles.h
		inc\msasn1.h = inc\msasn1.h
		inc\NTSecPKG.h = inc\NTSecPKG.h
		inc\PshPack8.h = inc\PshPack8.h
		inc\schannel.h = inc\schannel.h
		inc\schnlsp.h = inc\schnlsp.h
		inc\WDBGEXTS.H = inc\WDBGEXTS.H
		inc\WinBer.h = inc\WinBer.h
		inc\wincred.h = inc\wincred.h
		inc\Winldap.h = inc\Winldap.h
	EndProjectSection
EndProject
Project("{2150E333-8FDC-42A3-9474-1A3956D46DE8}") = "lib", "lib", "{294B51F3-90EF-4F0A-BB04-20321A513A4F}"
EndProject
Project("{2150E333-8FDC-42A3-9474-1A3956D46DE8}") = "Win32", "Win32", "{96078881-DEC1-4EF5-A24A-A81AC007809D}"
	ProjectSection(SolutionItems) = preProject
		lib\Win32\advapi32.hash.lib = lib\Win32\advapi32.hash.lib
		lib\Win32\bcrypt.lib = lib\Win32\bcrypt.lib
		lib\Win32\cryptdll.lib = lib\Win32\cryptdll.lib
		lib\Win32\fltlib.lib = lib\Win32\fltlib.lib
		lib\Win32\hid.lib = lib\Win32\hid.lib
		lib\Win32\msasn1.min.lib = lib\Win32\msasn1.min.lib
		lib\Win32\ncrypt.lib = lib\Win32\ncrypt.lib
		lib\Win32\netapi32.min.lib = lib\Win32\netapi32.min.lib
		lib\Win32\ntdll.min.lib = lib\Win32\ntdll.min.lib
		lib\Win32\samlib.lib = lib\Win32\samlib.lib
		lib\Win32\winsta.lib = lib\Win32\winsta.lib
	EndProjectSection
EndProject
Project("{2150E333-8FDC-42A3-9474-1A3956D46DE8}") = "x64", "x64", "{E9D1619F-D4A1-4AFA-B261-B01091EB8D56}"
	ProjectSection(SolutionItems) = preProject
		lib\x64\advapi32.hash.lib = lib\x64\advapi32.hash.lib
		lib\x64\bcrypt.lib = lib\x64\bcrypt.lib
		lib\x64\cryptdll.lib = lib\x64\cryptdll.lib
		lib\x64\fltlib.lib = lib\x64\fltlib.lib
		lib\x64\hid.lib = lib\x64\hid.lib
		lib\x64\msasn1.min.lib = lib\x64\msasn1.min.lib
		lib\x64\ncrypt.lib = lib\x64\ncrypt.lib
		lib\x64\netapi32.min.lib = lib\x64\netapi32.min.lib
		lib\x64\ntdll.min.lib = lib\x64\ntdll.min.lib
		lib\x64\samlib.lib = lib\x64\samlib.lib
		lib\x64\winsta.lib = lib\x64\winsta.lib
	EndProjectSection
EndProject
Project("{8BC9CEB8-8B4A-11D0-8D11-00A0C91BC942}") = "mimilib", "mimilib\mimilib.vcxproj", "{E049487C-C5BD-471E-99AE-C756E70B6520}"
EndProject
Project("{8BC9CEB8-8B4A-11D0-8D11-00A0C91BC942}") = "mimidrv", "mimidrv\mimidrv.vcxproj", "{86FF6D04-208C-442F-B27C-E4255DD39402}"
EndProject
Project("{8BC9CEB8-8B4A-11D0-8D11-00A0C91BC942}") = "mimilove", "mimilove\mimilove.vcxproj", "{60D02E32-1711-4D9E-9AC2-10627C52EB40}"
EndProject
Global
	GlobalSection(SubversionScc) = preSolution
		Svn-Managed = True
		Manager = AnkhSVN - Subversion Support for Visual Studio
	EndGlobalSection
	GlobalSection(SolutionConfigurationPlatforms) = preSolution
		Release|Win32 = Release|Win32
		Release|x64 = Release|x64
		Second_Release_PowerShell|Win32 = Second_Release_PowerShell|Win32
		Second_Release_PowerShell|x64 = Second_Release_PowerShell|x64
		Simple_DLL|Win32 = Simple_DLL|Win32
		Simple_DLL|x64 = Simple_DLL|x64
	EndGlobalSection
	GlobalSection(ProjectConfigurationPlatforms) = postSolution
		{FB9B5E61-7C34-4280-A211-E979E1D6977F}.Release|Win32.ActiveCfg = Release|Win32
		{FB9B5E61-7C34-4280-A211-E979E1D6977F}.Release|Win32.Build.0 = Release|Win32
		{FB9B5E61-7C34-4280-A211-E979E1D6977F}.Release|x64.ActiveCfg = Release|x64
		{FB9B5E61-7C34-4280-A211-E979E1D6977F}.Release|x64.Build.0 = Release|x64
		{FB9B5E61-7C34-4280-A211-E979E1D6977F}.Second_Release_PowerShell|Win32.ActiveCfg = Second_Release_PowerShell|Win32
		{FB9B5E61-7C34-4280-A211-E979E1D6977F}.Second_Release_PowerShell|Win32.Build.0 = Second_Release_PowerShell|Win32
		{FB9B5E61-7C34-4280-A211-E979E1D6977F}.Second_Release_PowerShell|x64.ActiveCfg = Second_Release_PowerShell|x64
		{FB9B5E61-7C34-4280-A211-E979E1D6977F}.Second_Release_PowerShell|x64.Build.0 = Second_Release_PowerShell|x64
		{FB9B5E61-7C34-4280-A211-E979E1D6977F}.Simple_DLL|Win32.ActiveCfg = Simple_DLL|Win32
		{FB9B5E61-7C34-4280-A211-E979E1D6977F}.Simple_DLL|Win32.Build.0 = Simple_DLL|Win32
		{FB9B5E61-7C34-4280-A211-E979E1D6977F}.Simple_DLL|x64.ActiveCfg = Simple_DLL|x64
		{FB9B5E61-7C34-4280-A211-E979E1D6977F}.Simple_DLL|x64.Build.0 = Simple_DLL|x64
		{E049487C-C5BD-471E-99AE-C756E70B6520}.Release|Win32.ActiveCfg = Release|Win32
		{E049487C-C5BD-471E-99AE-C756E70B6520}.Release|Win32.Build.0 = Release|Win32
		{E049487C-C5BD-471E-99AE-C756E70B6520}.Release|x64.ActiveCfg = Release|x64
		{E049487C-C5BD-471E-99AE-C756E70B6520}.Release|x64.Build.0 = Release|x64
		{E049487C-C5BD-471E-99AE-C756E70B6520}.Second_Release_PowerShell|Win32.ActiveCfg = Release|Win32
		{E049487C-C5BD-471E-99AE-C756E70B6520}.Second_Release_PowerShell|x64.ActiveCfg = Release|x64
		{E049487C-C5BD-471E-99AE-C756E70B6520}.Simple_DLL|Win32.ActiveCfg = Release|Win32
		{E049487C-C5BD-471E-99AE-C756E70B6520}.Simple_DLL|x64.ActiveCfg = Release|x64
		{86FF6D04-208C-442F-B27C-E4255DD39402}.Release|Win32.ActiveCfg = Release|Win32
		{86FF6D04-208C-442F-B27C-E4255DD39402}.Release|Win32.Build.0 = Release|Win32
		{86FF6D04-208C-442F-B27C-E4255DD39402}.Release|x64.ActiveCfg = Release|x64
		{86FF6D04-208C-442F-B27C-E4255DD39402}.Release|x64.Build.0 = Release|x64
		{86FF6D04-208C-442F-B27C-E4255DD39402}.Second_Release_PowerShell|Win32.ActiveCfg = Release|Win32
		{86FF6D04-208C-442F-B27C-E4255DD39402}.Second_Release_PowerShell|x64.ActiveCfg = Release|x64
		{86FF6D04-208C-442F-B27C-E4255DD39402}.Simple_DLL|Win32.ActiveCfg = Release|Win32
		{86FF6D04-208C-442F-B27C-E4255DD39402}.Simple_DLL|x64.ActiveCfg = Release|x64
		{60D02E32-1711-4D9E-9AC2-10627C52EB40}.Release|Win32.ActiveCfg = Release|Win32
		{60D02E32-1711-4D9E-9AC2-10627C52EB40}.Release|Win32.Build.0 = Release|Win32
		{60D02E32-1711-4D9E-9AC2-10627C52EB40}.Release|x64.ActiveCfg = Release|x64
		{60D02E32-1711-4D9E-9AC2-10627C52EB40}.Second_Release_PowerShell|Win32.ActiveCfg = Release|Win32
		{60D02E32-1711-4D9E-9AC2-10627C52EB40}.Second_Release_PowerShell|x64.ActiveCfg = Release|x64
		{60D02E32-1711-4D9E-9AC2-10627C52EB40}.Simple_DLL|Win32.ActiveCfg = Release|Win32
		{60D02E32-1711-4D9E-9AC2-10627C52EB40}.Simple_DLL|x64.ActiveCfg = Release|x64
	EndGlobalSection
	GlobalSection(SolutionProperties) = preSolution
		HideSolutionNode = FALSE
	EndGlobalSection
	GlobalSection(NestedProjects) = preSolution
		{282B4B77-BFF6-4DCA-9A60-6F4036929AEE} = {1ADABD33-DEBE-4095-8EAE-9B6ED51DB68E}
		{294B51F3-90EF-4F0A-BB04-20321A513A4F} = {1ADABD33-DEBE-4095-8EAE-9B6ED51DB68E}
		{96078881-DEC1-4EF5-A24A-A81AC007809D} = {294B51F3-90EF-4F0A-BB04-20321A513A4F}
		{E9D1619F-D4A1-4AFA-B261-B01091EB8D56} = {294B51F3-90EF-4F0A-BB04-20321A513A4F}
	EndGlobalSection
EndGlobal
