<?xml version="1.0" encoding="utf-8"?>
<Project ToolsVersion="4.0" xmlns="http://schemas.microsoft.com/developer/msbuild/2003">
  <ItemGroup>
    <ClCompile Include="mimilove.c" />
    <ClCompile Include="..\modules\kull_m_output.c">
      <Filter>common modules</Filter>
    </ClCompile>
    <ClCompile Include="..\modules\kull_m_process.c">
      <Filter>common modules</Filter>
    </ClCompile>
    <ClCompile Include="..\modules\kull_m_memory.c">
      <Filter>common modules</Filter>
    </ClCompile>
    <ClCompile Include="..\modules\kull_m_string.c">
      <Filter>common modules</Filter>
    </ClCompile>
    <ClCompile Include="..\modules\kull_m_minidump.c">
      <Filter>common modules</Filter>
    </ClCompile>
    <ClCompile Include="..\modules\kull_m_kernel.c">
      <Filter>common modules</Filter>
    </ClCompile>
  </ItemGroup>
  <ItemGroup>
    <ClInclude Include="mimilove.h" />
    <ClInclude Include="..\modules\kull_m_output.h">
      <Filter>common modules</Filter>
    </ClInclude>
    <ClInclude Include="..\modules\kull_m_process.h">
      <Filter>common modules</Filter>
    </ClInclude>
    <ClInclude Include="..\modules\kull_m_memory.h">
      <Filter>common modules</Filter>
    </ClInclude>
    <ClInclude Include="..\modules\kull_m_string.h">
      <Filter>common modules</Filter>
    </ClInclude>
    <ClInclude Include="..\modules\kull_m_minidump.h">
      <Filter>common modules</Filter>
    </ClInclude>
    <ClInclude Include="..\modules\kull_m_kernel.h">
      <Filter>common modules</Filter>
    </ClInclude>
  </ItemGroup>
  <ItemGroup>
    <Filter Include="common modules">
      <UniqueIdentifier>{7cb872e7-a52b-4394-a979-fd7a0a89d729}</UniqueIdentifier>
    </Filter>
  </ItemGroup>
  <ItemGroup>
    <ResourceCompile Include="mimilove.rc" />
  </ItemGroup>
</Project>