<?xml version="1.0" encoding="utf-8"?>
<Project ToolsVersion="4.0" xmlns="http://schemas.microsoft.com/developer/msbuild/2003">
  <ItemGroup>
    <None Include="mimilib.def" />
  </ItemGroup>
  <ItemGroup>
    <ResourceCompile Include="mimilib.rc" />
  </ItemGroup>
  <ItemGroup>
    <ClCompile Include="kappfree.c" />
    <ClCompile Include="utils.c" />
    <ClCompile Include="kssp.c" />
    <ClCompile Include="kfilt.c" />
    <ClCompile Include="sekurlsadbg\kuhl_m_sekurlsa_nt6.c">
      <Filter>sekurlsadbg</Filter>
    </ClCompile>
    <ClCompile Include="sekurlsadbg\kwindbg.c">
      <Filter>sekurlsadbg</Filter>
    </ClCompile>
    <ClCompile Include="sekurlsadbg\kuhl_m_sekurlsa_utils.c">
      <Filter>sekurlsadbg</Filter>
    </ClCompile>
    <ClCompile Include="sekurlsadbg\kuhl_m_sekurlsa_packages.c">
      <Filter>sekurlsadbg</Filter>
    </ClCompile>
    <ClCompile Include="sekurlsadbg\kull_m_rpc.c">
      <Filter>sekurlsadbg</Filter>
    </ClCompile>
    <ClCompile Include="sekurlsadbg\kull_m_rpc_ms-credentialkeys.c">
      <Filter>sekurlsadbg</Filter>
    </ClCompile>
    <ClCompile Include="kdns.c" />
    <ClCompile Include="kdhcp.c" />
    <ClCompile Include="ksub.c" />
    <ClCompile Include="knp.c" />
  </ItemGroup>
  <ItemGroup>
    <ClInclude Include="utils.h" />
    <ClInclude Include="kssp.h" />
    <ClInclude Include="kfilt.h" />
    <ClInclude Include="sekurlsadbg\kuhl_m_sekurlsa_nt6.h">
      <Filter>sekurlsadbg</Filter>
    </ClInclude>
    <ClInclude Include="sekurlsadbg\kwindbg.h">
      <Filter>sekurlsadbg</Filter>
    </ClInclude>
    <ClInclude Include="sekurlsadbg\kuhl_m_sekurlsa_utils.h">
      <Filter>sekurlsadbg</Filter>
    </ClInclude>
    <ClInclude Include="sekurlsadbg\kuhl_m_sekurlsa_packages.h">
      <Filter>sekurlsadbg</Filter>
    </ClInclude>
    <ClInclude Include="sekurlsadbg\kull_m_rpc.h">
      <Filter>sekurlsadbg</Filter>
    </ClInclude>
    <ClInclude Include="sekurlsadbg\kull_m_rpc_ms-credentialkeys.h">
      <Filter>sekurlsadbg</Filter>
    </ClInclude>
    <ClInclude Include="kdns.h" />
    <ClInclude Include="kdhcp.h" />
    <ClInclude Include="ksub.h" />
    <ClInclude Include="knp.h" />
  </ItemGroup>
  <ItemGroup>
    <Filter Include="sekurlsadbg">
      <UniqueIdentifier>{017caad8-223d-4869-b733-2fadef6ebc49}</UniqueIdentifier>
    </Filter>
  </ItemGroup>
</Project>